
Microsoft Visual Studio Solution File, Format Version 12.00
# Visual Studio Version 16
VisualStudioVersion = 16.0.31702.278
MinimumVisualStudioVersion = 10.0.40219.1
Project("{FAE04EC0-301F-11D3-BF4B-00C04F79EFBC}") = "WindowsFormsApp1", "WindowsFormsApp1\WindowsFormsApp1.csproj", "{FCDA9AE8-B0CB-41A4-B761-2374AE05AA63}"
EndProject
Global
	GlobalSection(SolutionConfigurationPlatforms) = preSolution
		Debug|Any CPU = Debug|Any CPU
		Release|Any CPU = Release|Any CPU
	EndGlobalSection
	GlobalSection(ProjectConfigurationPlatforms) = postSolution
		{FCDA9AE8-B0CB-41A4-B761-2374AE05AA63}.Debug|Any CPU.ActiveCfg = Debug|Any CPU
		{FCDA9AE8-B0CB-41A4-B761-2374AE05AA63}.Debug|Any CPU.Build.0 = Debug|Any CPU
		{FCDA9AE8-B0CB-41A4-B761-2374AE05AA63}.Release|Any CPU.ActiveCfg = Release|Any CPU
		{FCDA9AE8-B0CB-41A4-B761-2374AE05AA63}.Release|Any CPU.Build.0 = Release|Any CPU
	EndGlobalSection
	GlobalSection(SolutionProperties) = preSolution
		HideSolutionNode = FALSE
	EndGlobalSection
	GlobalSection(ExtensibilityGlobals) = postSolution
		SolutionGuid = {755D76E8-7BB8-4B3D-A98A-0CABDEE2E5EE}
	EndGlobalSection
EndGlobal
